// !$*UTF8*$!
{
	archiveVersion = 1;
	classes = {
	};
	objectVersion = 50;
	objects = {

/* Begin PBXBuildFile section */
		90E76AE52088443200193FF9 /* AppDelegate.swift in Sources */ = {isa = PBXBuildFile; fileRef = 90E76AE42088443200193FF9 /* AppDelegate.swift */; };
		90E76AE72088443200193FF9 /* ViewController.swift in Sources */ = {isa = PBXBuildFile; fileRef = 90E76AE62088443200193FF9 /* ViewController.swift */; };
		90E76AEA2088443200193FF9 /* Main.storyboard in Resources */ = {isa = PBXBuildFile; fileRef = 90E76AE82088443200193FF9 /* Main.storyboard */; };
		90E76AEC2088443300193FF9 /* Assets.xcassets in Resources */ = {isa = PBXBuildFile; fileRef = 90E76AEB2088443300193FF9 /* Assets.xcassets */; };
		90E76AEF2088443300193FF9 /* LaunchScreen.storyboard in Resources */ = {isa = PBXBuildFile; fileRef = 90E76AED2088443300193FF9 /* LaunchScreen.storyboard */; };
		90E76AF72088493100193FF9 /* DetectImageVC.swift in Sources */ = {isa = PBXBuildFile; fileRef = 90E76AF62088493100193FF9 /* DetectImageVC.swift */; };
		90E76AF92088497E00193FF9 /* DetectVideoVC.swift in Sources */ = {isa = PBXBuildFile; fileRef = 90E76AF82088497E00193FF9 /* DetectVideoVC.swift */; };
		90E76AFB208849B600193FF9 /* DetectCameraVC.swift in Sources */ = {isa = PBXBuildFile; fileRef = 90E76AFA208849B600193FF9 /* DetectCameraVC.swift */; };
		90E76AFD20886DC800193FF9 /* Resnet50.mlmodel in Sources */ = {isa = PBXBuildFile; fileRef = 90E76AFC20886DC800193FF9 /* Resnet50.mlmodel */; };
		90E76B092088712F00193FF9 /* 8.jpg in Resources */ = {isa = PBXBuildFile; fileRef = 90E76AFF2088712F00193FF9 /* 8.jpg */; };
		90E76B0A2088712F00193FF9 /* 9.png in Resources */ = {isa = PBXBuildFile; fileRef = 90E76B002088712F00193FF9 /* 9.png */; };
		90E76B0B2088712F00193FF9 /* 4.jpg in Resources */ = {isa = PBXBuildFile; fileRef = 90E76B012088712F00193FF9 /* 4.jpg */; };
		90E76B0C2088712F00193FF9 /* 5.jpg in Resources */ = {isa = PBXBuildFile; fileRef = 90E76B022088712F00193FF9 /* 5.jpg */; };
		90E76B0D2088712F00193FF9 /* 7.jpg in Resources */ = {isa = PBXBuildFile; fileRef = 90E76B032088712F00193FF9 /* 7.jpg */; };
		90E76B0E2088712F00193FF9 /* 6.jpg in Resources */ = {isa = PBXBuildFile; fileRef = 90E76B042088712F00193FF9 /* 6.jpg */; };
		90E76B0F2088712F00193FF9 /* 2.jpg in Resources */ = {isa = PBXBuildFile; fileRef = 90E76B052088712F00193FF9 /* 2.jpg */; };
		90E76B102088712F00193FF9 /* 3.jpg in Resources */ = {isa = PBXBuildFile; fileRef = 90E76B062088712F00193FF9 /* 3.jpg */; };
		90E76B112088712F00193FF9 /* 1.jpg in Resources */ = {isa = PBXBuildFile; fileRef = 90E76B072088712F00193FF9 /* 1.jpg */; };
		90E76B122088712F00193FF9 /* 0.jpg in Resources */ = {isa = PBXBuildFile; fileRef = 90E76B082088712F00193FF9 /* 0.jpg */; };
		90E76B1420888A8F00193FF9 /* VisionManafer.swift in Sources */ = {isa = PBXBuildFile; fileRef = 90E76B1320888A8F00193FF9 /* VisionManafer.swift */; };
/* End PBXBuildFile section */

/* Begin PBXFileReference section */
		90E76AE12088443200193FF9 /* CoreML_Vision_Detection.app */ = {isa = PBXFileReference; explicitFileType = wrapper.application; includeInIndex = 0; path = CoreML_Vision_Detection.app; sourceTree = BUILT_PRODUCTS_DIR; };
		90E76AE42088443200193FF9 /* AppDelegate.swift */ = {isa = PBXFileReference; lastKnownFileType = sourcecode.swift; path = AppDelegate.swift; sourceTree = "<group>"; };
		90E76AE62088443200193FF9 /* ViewController.swift */ = {isa = PBXFileReference; lastKnownFileType = sourcecode.swift; path = ViewController.swift; sourceTree = "<group>"; };
		90E76AE92088443200193FF9 /* Base */ = {isa = PBXFileReference; lastKnownFileType = file.storyboard; name = Base; path = Base.lproj/Main.storyboard; sourceTree = "<group>"; };
		90E76AEB2088443300193FF9 /* Assets.xcassets */ = {isa = PBXFileReference; lastKnownFileType = folder.assetcatalog; path = Assets.xcassets; sourceTree = "<group>"; };
		90E76AEE2088443300193FF9 /* Base */ = {isa = PBXFileReference; lastKnownFileType = file.storyboard; name = Base; path = Base.lproj/LaunchScreen.storyboard; sourceTree = "<group>"; };
		90E76AF02088443300193FF9 /* Info.plist */ = {isa = PBXFileReference; lastKnownFileType = text.plist.xml; path = Info.plist; sourceTree = "<group>"; };
		90E76AF62088493100193FF9 /* DetectImageVC.swift */ = {isa = PBXFileReference; lastKnownFileType = sourcecode.swift; path = DetectImageVC.swift; sourceTree = "<group>"; };
		90E76AF82088497E00193FF9 /* DetectVideoVC.swift */ = {isa = PBXFileReference; lastKnownFileType = sourcecode.swift; path = DetectVideoVC.swift; sourceTree = "<group>"; };
		90E76AFA208849B600193FF9 /* DetectCameraVC.swift */ = {isa = PBXFileReference; lastKnownFileType = sourcecode.swift; path = DetectCameraVC.swift; sourceTree = "<group>"; };
		90E76AFC20886DC800193FF9 /* Resnet50.mlmodel */ = {isa = PBXFileReference; lastKnownFileType = file.mlmodel; path = Resnet50.mlmodel; sourceTree = "<group>"; };
		90E76AFF2088712F00193FF9 /* 8.jpg */ = {isa = PBXFileReference; lastKnownFileType = image.jpeg; path = 8.jpg; sourceTree = "<group>"; };
		90E76B002088712F00193FF9 /* 9.png */ = {isa = PBXFileReference; lastKnownFileType = image.png; path = 9.png; sourceTree = "<group>"; };
		90E76B012088712F00193FF9 /* 4.jpg */ = {isa = PBXFileReference; lastKnownFileType = image.jpeg; path = 4.jpg; sourceTree = "<group>"; };
		90E76B022088712F00193FF9 /* 5.jpg */ = {isa = PBXFileReference; lastKnownFileType = image.jpeg; path = 5.jpg; sourceTree = "<group>"; };
		90E76B032088712F00193FF9 /* 7.jpg */ = {isa = PBXFileReference; lastKnownFileType = image.jpeg; path = 7.jpg; sourceTree = "<group>"; };
		90E76B042088712F00193FF9 /* 6.jpg */ = {isa = PBXFileReference; lastKnownFileType = image.jpeg; path = 6.jpg; sourceTree = "<group>"; };
		90E76B052088712F00193FF9 /* 2.jpg */ = {isa = PBXFileReference; lastKnownFileType = image.jpeg; path = 2.jpg; sourceTree = "<group>"; };
		90E76B062088712F00193FF9 /* 3.jpg */ = {isa = PBXFileReference; lastKnownFileType = image.jpeg; path = 3.jpg; sourceTree = "<group>"; };
		90E76B072088712F00193FF9 /* 1.jpg */ = {isa = PBXFileReference; lastKnownFileType = image.jpeg; path = 1.jpg; sourceTree = "<group>"; };
		90E76B082088712F00193FF9 /* 0.jpg */ = {isa = PBXFileReference; lastKnownFileType = image.jpeg; path = 0.jpg; sourceTree = "<group>"; };
		90E76B1320888A8F00193FF9 /* VisionManafer.swift */ = {isa = PBXFileReference; lastKnownFileType = sourcecode.swift; path = VisionManafer.swift; sourceTree = "<group>"; };
/* End PBXFileReference section */

/* Begin PBXFrameworksBuildPhase section */
		90E76ADE2088443200193FF9 /* Frameworks */ = {
			isa = PBXFrameworksBuildPhase;
			buildActionMask = 2147483647;
			files = (
			);
			runOnlyForDeploymentPostprocessing = 0;
		};
/* End PBXFrameworksBuildPhase section */

/* Begin PBXGroup section */
		90E76AD82088443200193FF9 = {
			isa = PBXGroup;
			children = (
				90E76AE32088443200193FF9 /* CoreML_Vision_Detection */,
				90E76AE22088443200193FF9 /* Products */,
			);
			sourceTree = "<group>";
		};
		90E76AE22088443200193FF9 /* Products */ = {
			isa = PBXGroup;
			children = (
				90E76AE12088443200193FF9 /* CoreML_Vision_Detection.app */,
			);
			name = Products;
			sourceTree = "<group>";
		};
		90E76AE32088443200193FF9 /* CoreML_Vision_Detection */ = {
			isa = PBXGroup;
			children = (
				90E76AFE2088712F00193FF9 /* images */,
				90E76AFC20886DC800193FF9 /* Resnet50.mlmodel */,
				90E76AE42088443200193FF9 /* AppDelegate.swift */,
				90E76AE62088443200193FF9 /* ViewController.swift */,
				90E76AF62088493100193FF9 /* DetectImageVC.swift */,
				90E76AF82088497E00193FF9 /* DetectVideoVC.swift */,
				90E76AFA208849B600193FF9 /* DetectCameraVC.swift */,
				90E76AE82088443200193FF9 /* Main.storyboard */,
				90E76AEB2088443300193FF9 /* Assets.xcassets */,
				90E76AED2088443300193FF9 /* LaunchScreen.storyboard */,
				90E76AF02088443300193FF9 /* Info.plist */,
				90E76B1320888A8F00193FF9 /* VisionManafer.swift */,
			);
			path = CoreML_Vision_Detection;
			sourceTree = "<group>";
		};
		90E76AFE2088712F00193FF9 /* images */ = {
			isa = PBXGroup;
			children = (
				90E76AFF2088712F00193FF9 /* 8.jpg */,
				90E76B002088712F00193FF9 /* 9.png */,
				90E76B012088712F00193FF9 /* 4.jpg */,
				90E76B022088712F00193FF9 /* 5.jpg */,
				90E76B032088712F00193FF9 /* 7.jpg */,
				90E76B042088712F00193FF9 /* 6.jpg */,
				90E76B052088712F00193FF9 /* 2.jpg */,
				90E76B062088712F00193FF9 /* 3.jpg */,
				90E76B072088712F00193FF9 /* 1.jpg */,
				90E76B082088712F00193FF9 /* 0.jpg */,
			);
			path = images;
			sourceTree = "<group>";
		};
/* End PBXGroup section */

/* Begin PBXNativeTarget section */
		90E76AE02088443200193FF9 /* CoreML_Vision_Detection */ = {
			isa = PBXNativeTarget;
			buildConfigurationList = 90E76AF32088443300193FF9 /* Build configuration list for PBXNativeTarget "CoreML_Vision_Detection" */;
			buildPhases = (
				90E76ADD2088443200193FF9 /* Sources */,
				90E76ADE2088443200193FF9 /* Frameworks */,
				90E76ADF2088443200193FF9 /* Resources */,
			);
			buildRules = (
			);
			dependencies = (
			);
			name = CoreML_Vision_Detection;
			productName = CoreML_Vision_Detection;
			productReference = 90E76AE12088443200193FF9 /* CoreML_Vision_Detection.app */;
			productType = "com.apple.product-type.application";
		};
/* End PBXNativeTarget section */

/* Begin PBXProject section */
		90E76AD92088443200193FF9 /* Project object */ = {
			isa = PBXProject;
			attributes = {
				LastSwiftUpdateCheck = 0930;
				LastUpgradeCheck = 0930;
				ORGANIZATIONNAME = NSblakcer;
				TargetAttributes = {
					90E76AE02088443200193FF9 = {
						CreatedOnToolsVersion = 9.3;
					};
				};
			};
			buildConfigurationList = 90E76ADC2088443200193FF9 /* Build configuration list for PBXProject "CoreML_Vision_Detection" */;
			compatibilityVersion = "Xcode 9.3";
			developmentRegion = en;
			hasScannedForEncodings = 0;
			knownRegions = (
				en,
				Base,
			);
			mainGroup = 90E76AD82088443200193FF9;
			productRefGroup = 90E76AE22088443200193FF9 /* Products */;
			projectDirPath = "";
			projectRoot = "";
			targets = (
				90E76AE02088443200193FF9 /* CoreML_Vision_Detection */,
			);
		};
/* End PBXProject section */

/* Begin PBXResourcesBuildPhase section */
		90E76ADF2088443200193FF9 /* Resources */ = {
			isa = PBXResourcesBuildPhase;
			buildActionMask = 2147483647;
			files = (
				90E76B102088712F00193FF9 /* 3.jpg in Resources */,
				90E76B0E2088712F00193FF9 /* 6.jpg in Resources */,
				90E76B0B2088712F00193FF9 /* 4.jpg in Resources */,
				90E76B0F2088712F00193FF9 /* 2.jpg in Resources */,
				90E76B092088712F00193FF9 /* 8.jpg in Resources */,
				90E76AEF2088443300193FF9 /* LaunchScreen.storyboard in Resources */,
				90E76B122088712F00193FF9 /* 0.jpg in Resources */,
				90E76B0D2088712F00193FF9 /* 7.jpg in Resources */,
				90E76AEC2088443300193FF9 /* Assets.xcassets in Resources */,
				90E76B0C2088712F00193FF9 /* 5.jpg in Resources */,
				90E76B112088712F00193FF9 /* 1.jpg in Resources */,
				90E76B0A2088712F00193FF9 /* 9.png in Resources */,
				90E76AEA2088443200193FF9 /* Main.storyboard in Resources */,
			);
			runOnlyForDeploymentPostprocessing = 0;
		};
/* End PBXResourcesBuildPhase section */

/* Begin PBXSourcesBuildPhase section */
		90E76ADD2088443200193FF9 /* Sources */ = {
			isa = PBXSourcesBuildPhase;
			buildActionMask = 2147483647;
			files = (
				90E76AE72088443200193FF9 /* ViewController.swift in Sources */,
				90E76AFB208849B600193FF9 /* DetectCameraVC.swift in Sources */,
				90E76AE52088443200193FF9 /* AppDelegate.swift in Sources */,
				90E76AF72088493100193FF9 /* DetectImageVC.swift in Sources */,
				90E76AFD20886DC800193FF9 /* Resnet50.mlmodel in Sources */,
				90E76B1420888A8F00193FF9 /* VisionManafer.swift in Sources */,
				90E76AF92088497E00193FF9 /* DetectVideoVC.swift in Sources */,
			);
			runOnlyForDeploymentPostprocessing = 0;
		};
/* End PBXSourcesBuildPhase section */

/* Begin PBXVariantGroup section */
		90E76AE82088443200193FF9 /* Main.storyboard */ = {
			isa = PBXVariantGroup;
			children = (
				90E76AE92088443200193FF9 /* Base */,
			);
			name = Main.storyboard;
			sourceTree = "<group>";
		};
		90E76AED2088443300193FF9 /* LaunchScreen.storyboard */ = {
			isa = PBXVariantGroup;
			children = (
				90E76AEE2088443300193FF9 /* Base */,
			);
			name = LaunchScreen.storyboard;
			sourceTree = "<group>";
		};
/* End PBXVariantGroup section */

/* Begin XCBuildConfiguration section */
		90E76AF12088443300193FF9 /* Debug */ = {
			isa = XCBuildConfiguration;
			buildSettings = {
				ALWAYS_SEARCH_USER_PATHS = NO;
				CLANG_ANALYZER_NONNULL = YES;
				CLANG_ANALYZER_NUMBER_OBJECT_CONVERSION = YES_AGGRESSIVE;
				CLANG_CXX_LANGUAGE_STANDARD = "gnu++14";
				CLANG_CXX_LIBRARY = "libc++";
				CLANG_ENABLE_MODULES = YES;
				CLANG_ENABLE_OBJC_ARC = YES;
				CLANG_ENABLE_OBJC_WEAK = YES;
				CLANG_WARN_BLOCK_CAPTURE_AUTORELEASING = YES;
				CLANG_WARN_BOOL_CONVERSION = YES;
				CLANG_WARN_COMMA = YES;
				CLANG_WARN_CONSTANT_CONVERSION = YES;
				CLANG_WARN_DEPRECATED_OBJC_IMPLEMENTATIONS = YES;
				CLANG_WARN_DIRECT_OBJC_ISA_USAGE = YES_ERROR;
				CLANG_WARN_DOCUMENTATION_COMMENTS = YES;
				CLANG_WARN_EMPTY_BODY = YES;
				CLANG_WARN_ENUM_CONVERSION = YES;
				CLANG_WARN_INFINITE_RECURSION = YES;
				CLANG_WARN_INT_CONVERSION = YES;
				CLANG_WARN_NON_LITERAL_NULL_CONVERSION = YES;
				CLANG_WARN_OBJC_IMPLICIT_RETAIN_SELF = YES;
				CLANG_WARN_OBJC_LITERAL_CONVERSION = YES;
				CLANG_WARN_OBJC_ROOT_CLASS = YES_ERROR;
				CLANG_WARN_RANGE_LOOP_ANALYSIS = YES;
				CLANG_WARN_STRICT_PROTOTYPES = YES;
				CLANG_WARN_SUSPICIOUS_MOVE = YES;
				CLANG_WARN_UNGUARDED_AVAILABILITY = YES_AGGRESSIVE;
				CLANG_WARN_UNREACHABLE_CODE = YES;
				CLANG_WARN__DUPLICATE_METHOD_MATCH = YES;
				CODE_SIGN_IDENTITY = "iPhone Developer";
				COPY_PHASE_STRIP = NO;
				DEBUG_INFORMATION_FORMAT = dwarf;
				ENABLE_STRICT_OBJC_MSGSEND = YES;
				ENABLE_TESTABILITY = YES;
				GCC_C_LANGUAGE_STANDARD = gnu11;
				GCC_DYNAMIC_NO_PIC = NO;
				GCC_NO_COMMON_BLOCKS = YES;
				GCC_OPTIMIZATION_LEVEL = 0;
				GCC_PREPROCESSOR_DEFINITIONS = (
					"DEBUG=1",
					"$(inherited)",
				);
				GCC_WARN_64_TO_32_BIT_CONVERSION = YES;
				GCC_WARN_ABOUT_RETURN_TYPE = YES_ERROR;
				GCC_WARN_UNDECLARED_SELECTOR = YES;
				GCC_WARN_UNINITIALIZED_AUTOS = YES_AGGRESSIVE;
				GCC_WARN_UNUSED_FUNCTION = YES;
				GCC_WARN_UNUSED_VARIABLE = YES;
				IPHONEOS_DEPLOYMENT_TARGET = 11.3;
				MTL_ENABLE_DEBUG_INFO = YES;
				ONLY_ACTIVE_ARCH = YES;
				SDKROOT = iphoneos;
				SWIFT_ACTIVE_COMPILATION_CONDITIONS = DEBUG;
				SWIFT_OPTIMIZATION_LEVEL = "-Onone";
			};
			name = Debug;
		};
		90E76AF22088443300193FF9 /* Release */ = {
			isa = XCBuildConfiguration;
			buildSettings = {
				ALWAYS_SEARCH_USER_PATHS = NO;
				CLANG_ANALYZER_NONNULL = YES;
				CLANG_ANALYZER_NUMBER_OBJECT_CONVERSION = YES_AGGRESSIVE;
				CLANG_CXX_LANGUAGE_STANDARD = "gnu++14";
				CLANG_CXX_LIBRARY = "libc++";
				CLANG_ENABLE_MODULES = YES;
				CLANG_ENABLE_OBJC_ARC = YES;
				CLANG_ENABLE_OBJC_WEAK = YES;
				CLANG_WARN_BLOCK_CAPTURE_AUTORELEASING = YES;
				CLANG_WARN_BOOL_CONVERSION = YES;
				CLANG_WARN_COMMA = YES;
				CLANG_WARN_CONSTANT_CONVERSION = YES;
				CLANG_WARN_DEPRECATED_OBJC_IMPLEMENTATIONS = YES;
				CLANG_WARN_DIRECT_OBJC_ISA_USAGE = YES_ERROR;
				CLANG_WARN_DOCUMENTATION_COMMENTS = YES;
				CLANG_WARN_EMPTY_BODY = YES;
				CLANG_WARN_ENUM_CONVERSION = YES;
				CLANG_WARN_INFINITE_RECURSION = YES;
				CLANG_WARN_INT_CONVERSION = YES;
				CLANG_WARN_NON_LITERAL_NULL_CONVERSION = YES;
				CLANG_WARN_OBJC_IMPLICIT_RETAIN_SELF = YES;
				CLANG_WARN_OBJC_LITERAL_CONVERSION = YES;
				CLANG_WARN_OBJC_ROOT_CLASS = YES_ERROR;
				CLANG_WARN_RANGE_LOOP_ANALYSIS = YES;
				CLANG_WARN_STRICT_PROTOTYPES = YES;
				CLANG_WARN_SUSPICIOUS_MOVE = YES;
				CLANG_WARN_UNGUARDED_AVAILABILITY = YES_AGGRESSIVE;
				CLANG_WARN_UNREACHABLE_CODE = YES;
				CLANG_WARN__DUPLICATE_METHOD_MATCH = YES;
				CODE_SIGN_IDENTITY = "iPhone Developer";
				COPY_PHASE_STRIP = NO;
				DEBUG_INFORMATION_FORMAT = "dwarf-with-dsym";
				ENABLE_NS_ASSERTIONS = NO;
				ENABLE_STRICT_OBJC_MSGSEND = YES;
				GCC_C_LANGUAGE_STANDARD = gnu11;
				GCC_NO_COMMON_BLOCKS = YES;
				GCC_WARN_64_TO_32_BIT_CONVERSION = YES;
				GCC_WARN_ABOUT_RETURN_TYPE = YES_ERROR;
				GCC_WARN_UNDECLARED_SELECTOR = YES;
				GCC_WARN_UNINITIALIZED_AUTOS = YES_AGGRESSIVE;
				GCC_WARN_UNUSED_FUNCTION = YES;
				GCC_WARN_UNUSED_VARIABLE = YES;
				IPHONEOS_DEPLOYMENT_TARGET = 11.3;
				MTL_ENABLE_DEBUG_INFO = NO;
				SDKROOT = iphoneos;
				SWIFT_COMPILATION_MODE = wholemodule;
				SWIFT_OPTIMIZATION_LEVEL = "-O";
				VALIDATE_PRODUCT = YES;
			};
			name = Release;
		};
		90E76AF42088443300193FF9 /* Debug */ = {
			isa = XCBuildConfiguration;
			buildSettings = {
				ASSETCATALOG_COMPILER_APPICON_NAME = AppIcon;
				CODE_SIGN_STYLE = Automatic;
				DEVELOPMENT_TEAM = UBX9CH9GDX;
				INFOPLIST_FILE = CoreML_Vision_Detection/Info.plist;
				IPHONEOS_DEPLOYMENT_TARGET = 11.0;
				LD_RUNPATH_SEARCH_PATHS = (
					"$(inherited)",
					"@executable_path/Frameworks",
				);
				PRODUCT_BUNDLE_IDENTIFIER = "com.nsblacker..CoreML-Vision-Detection";
				PRODUCT_NAME = "$(TARGET_NAME)";
				SWIFT_VERSION = 4.0;
				TARGETED_DEVICE_FAMILY = "1,2";
			};
			name = Debug;
		};
		90E76AF52088443300193FF9 /* Release */ = {
			isa = XCBuildConfiguration;
			buildSettings = {
				ASSETCATALOG_COMPILER_APPICON_NAME = AppIcon;
				CODE_SIGN_STYLE = Automatic;
				DEVELOPMENT_TEAM = UBX9CH9GDX;
				INFOPLIST_FILE = CoreML_Vision_Detection/Info.plist;
				IPHONEOS_DEPLOYMENT_TARGET = 11.0;
				LD_RUNPATH_SEARCH_PATHS = (
					"$(inherited)",
					"@executable_path/Frameworks",
				);
				PRODUCT_BUNDLE_IDENTIFIER = "com.nsblacker..CoreML-Vision-Detection";
				PRODUCT_NAME = "$(TARGET_NAME)";
				SWIFT_VERSION = 4.0;
				TARGETED_DEVICE_FAMILY = "1,2";
			};
			name = Release;
		};
/* End XCBuildConfiguration section */

/* Begin XCConfigurationList section */
		90E76ADC2088443200193FF9 /* Build configuration list for PBXProject "CoreML_Vision_Detection" */ = {
			isa = XCConfigurationList;
			buildConfigurations = (
				90E76AF12088443300193FF9 /* Debug */,
				90E76AF22088443300193FF9 /* Release */,
			);
			defaultConfigurationIsVisible = 0;
			defaultConfigurationName = Release;
		};
		90E76AF32088443300193FF9 /* Build configuration list for PBXNativeTarget "CoreML_Vision_Detection" */ = {
			isa = XCConfigurationList;
			buildConfigurations = (
				90E76AF42088443300193FF9 /* Debug */,
				90E76AF52088443300193FF9 /* Release */,
			);
			defaultConfigurationIsVisible = 0;
			defaultConfigurationName = Release;
		};
/* End XCConfigurationList section */
	};
	rootObject = 90E76AD92088443200193FF9 /* Project object */;
}
